{
  "version": 4,
  "terraform_version": "1.1.7",
  "serial": 3,
  "lineage": "febda59d-f7ed-f058-9783-a82212e6bdf6",
  "outputs": {
    "hello": {
      "value": "world",
      "type": "string"
    }
  },
  "resources": [
    {
      "mode": "managed",
      "type": "local_file",
      "name": "default",
      "provider": "provider[\"registry.terraform.io/hashicorp/local\"]",
      "instances": [
        {
          "schema_version": 0,
          "attributes": {
            "content": "Hello world!",
            "content_base64": null,
            "directory_permission": "0777",
            "file_permission": "0777",
            "filename": "./foo.bar",
            "id": "d3486ae9136e7856bc42212385ea797094475802",
            "sensitive_content": null,
            "source": null
          },
          "sensitive_attributes": [],
          "private": "bnVsbA=="
        }
      ]
    }
  ]
}
